
Microsoft Visual Studio Solution File, Format Version 12.00
Project("{FAE04EC0-301F-11D3-BF4B-00C04F79EFBC}") = "WispScanner", "WispScanner\WispScanner.csproj", "{C5EC12AF-6C15-4329-AB86-7A460202F391}"
EndProject
Project("{FAE04EC0-301F-11D3-BF4B-00C04F79EFBC}") = "GenerateAst", "GenerateAst\GenerateAst.csproj", "{9B01D2FE-03B3-45FA-B975-D993D6D32FFD}"
EndProject
Project("{2150E333-8FDC-42A3-9474-1A3956D46DE8}") = "tool", "tool", "{FDC06E38-EC04-4D8E-93D0-334796313C8E}"
EndProject
Project("{2150E333-8FDC-42A3-9474-1A3956D46DE8}") = "wisp", "wisp", "{AC6FB20D-6D87-4EE9-886B-05249FFDEB5A}"
EndProject
Project("{FAE04EC0-301F-11D3-BF4B-00C04F79EFBC}") = "AstPrinter", "AstPrinter\AstPrinter.csproj", "{6F89C03D-FA75-4DF5-BCA7-9D8E958E7353}"
EndProject
Global
	GlobalSection(SolutionConfigurationPlatforms) = preSolution
		Debug|Any CPU = Debug|Any CPU
		Release|Any CPU = Release|Any CPU
	EndGlobalSection
	GlobalSection(ProjectConfigurationPlatforms) = postSolution
		{C5EC12AF-6C15-4329-AB86-7A460202F391}.Debug|Any CPU.ActiveCfg = Debug|Any CPU
		{C5EC12AF-6C15-4329-AB86-7A460202F391}.Debug|Any CPU.Build.0 = Debug|Any CPU
		{C5EC12AF-6C15-4329-AB86-7A460202F391}.Release|Any CPU.ActiveCfg = Release|Any CPU
		{C5EC12AF-6C15-4329-AB86-7A460202F391}.Release|Any CPU.Build.0 = Release|Any CPU
		{9B01D2FE-03B3-45FA-B975-D993D6D32FFD}.Debug|Any CPU.ActiveCfg = Debug|Any CPU
		{9B01D2FE-03B3-45FA-B975-D993D6D32FFD}.Debug|Any CPU.Build.0 = Debug|Any CPU
		{9B01D2FE-03B3-45FA-B975-D993D6D32FFD}.Release|Any CPU.ActiveCfg = Release|Any CPU
		{9B01D2FE-03B3-45FA-B975-D993D6D32FFD}.Release|Any CPU.Build.0 = Release|Any CPU
		{6F89C03D-FA75-4DF5-BCA7-9D8E958E7353}.Debug|Any CPU.ActiveCfg = Debug|Any CPU
		{6F89C03D-FA75-4DF5-BCA7-9D8E958E7353}.Debug|Any CPU.Build.0 = Debug|Any CPU
		{6F89C03D-FA75-4DF5-BCA7-9D8E958E7353}.Release|Any CPU.ActiveCfg = Release|Any CPU
		{6F89C03D-FA75-4DF5-BCA7-9D8E958E7353}.Release|Any CPU.Build.0 = Release|Any CPU
	EndGlobalSection
	GlobalSection(NestedProjects) = preSolution
		{9B01D2FE-03B3-45FA-B975-D993D6D32FFD} = {FDC06E38-EC04-4D8E-93D0-334796313C8E}
		{C5EC12AF-6C15-4329-AB86-7A460202F391} = {AC6FB20D-6D87-4EE9-886B-05249FFDEB5A}
		{6F89C03D-FA75-4DF5-BCA7-9D8E958E7353} = {FDC06E38-EC04-4D8E-93D0-334796313C8E}
	EndGlobalSection
EndGlobal
